
Microsoft Visual Studio Solution File, Format Version 12.00
# Visual Studio Version 17
VisualStudioVersion = 17.5.33414.496
MinimumVisualStudioVersion = 10.0.40219.1
Project("{8BC9CEB8-8B4A-11D0-8D11-00A0C91BC942}") = "name", "name.vcxproj", "{BF333D7F-627A-4F00-8C33-56AA804D0EAB}"
EndProject
Global
	GlobalSection(SolutionConfigurationPlatforms) = preSolution
		Debug|x64 = Debug|x64
		Debug|x86 = Debug|x86
		R O3|x64 = R O3|x64
		R O3|x86 = R O3|x86
		Release|x64 = Release|x64
		Release|x86 = Release|x86
	EndGlobalSection
	GlobalSection(ProjectConfigurationPlatforms) = postSolution
		{BF333D7F-627A-4F00-8C33-56AA804D0EAB}.Debug|x64.ActiveCfg = Debug|x64
		{BF333D7F-627A-4F00-8C33-56AA804D0EAB}.Debug|x64.Build.0 = Debug|x64
		{BF333D7F-627A-4F00-8C33-56AA804D0EAB}.Debug|x86.ActiveCfg = Debug|Win32
		{BF333D7F-627A-4F00-8C33-56AA804D0EAB}.Debug|x86.Build.0 = Debug|Win32
		{BF333D7F-627A-4F00-8C33-56AA804D0EAB}.R O3|x64.ActiveCfg = O3|x64
		{BF333D7F-627A-4F00-8C33-56AA804D0EAB}.R O3|x64.Build.0 = O3|x64
		{BF333D7F-627A-4F00-8C33-56AA804D0EAB}.R O3|x86.ActiveCfg = O3|Win32
		{BF333D7F-627A-4F00-8C33-56AA804D0EAB}.R O3|x86.Build.0 = O3|Win32
		{BF333D7F-627A-4F00-8C33-56AA804D0EAB}.Release|x64.ActiveCfg = Release|x64
		{BF333D7F-627A-4F00-8C33-56AA804D0EAB}.Release|x64.Build.0 = Release|x64
		{BF333D7F-627A-4F00-8C33-56AA804D0EAB}.Release|x86.ActiveCfg = Release|Win32
		{BF333D7F-627A-4F00-8C33-56AA804D0EAB}.Release|x86.Build.0 = Release|Win32
	EndGlobalSection
	GlobalSection(SolutionProperties) = preSolution
		HideSolutionNode = FALSE
	EndGlobalSection
	GlobalSection(ExtensibilityGlobals) = postSolution
		SolutionGuid = {A3627AD4-F201-4022-9AC3-0F3A85698B55}
	EndGlobalSection
EndGlobal
